{
  "name": "@fluggo/graphlib-dot",
  "version": "0.6.5-pre",
  "lockfileVersion": 2,
  "requires": true,
  "packages": {
    "": {
      "name": "@fluggo/graphlib-dot",
      "version": "0.6.5-pre",
      "license": "MIT",
      "dependencies": {
        "nanoid": "^3.1.30"
      },
      "devDependencies": {
        "peggy": "^1.2.0"
      }
    },
    "node_modules/nanoid": {
      "version": "3.1.30",
      "resolved": "https://registry.npmjs.org/nanoid/-/nanoid-3.1.30.tgz",
      "integrity": "sha512-zJpuPDwOv8D2zq2WRoMe1HsfZthVewpel9CAvTfc/2mBD1uUT/agc5f7GHGWXlYkFvi1mVxe4IjvP2HNrop7nQ==",
      "bin": {
        "nanoid": "bin/nanoid.cjs"
      },
      "engines": {
        "node": "^10 || ^12 || ^13.7 || ^14 || >=15.0.1"
      }
    },
    "node_modules/peggy": {
      "version": "1.2.0",
      "resolved": "https://registry.npmjs.org/peggy/-/peggy-1.2.0.tgz",
      "integrity": "sha512-PQ+NKpAobImfMprYQtc4Egmyi29bidRGEX0kKjCU5uuW09s0Cthwqhfy7mLkwcB4VcgacE5L/ZjruD/kOPCUUw==",
      "dev": true,
      "bin": {
        "peggy": "bin/peggy"
      },
      "engines": {
        "node": ">=10"
      }
    }
  },
  "dependencies": {
    "nanoid": {
      "version": "3.1.30",
      "resolved": "https://registry.npmjs.org/nanoid/-/nanoid-3.1.30.tgz",
      "integrity": "sha512-zJpuPDwOv8D2zq2WRoMe1HsfZthVewpel9CAvTfc/2mBD1uUT/agc5f7GHGWXlYkFvi1mVxe4IjvP2HNrop7nQ=="
    },
    "peggy": {
      "version": "1.2.0",
      "resolved": "https://registry.npmjs.org/peggy/-/peggy-1.2.0.tgz",
      "integrity": "sha512-PQ+NKpAobImfMprYQtc4Egmyi29bidRGEX0kKjCU5uuW09s0Cthwqhfy7mLkwcB4VcgacE5L/ZjruD/kOPCUUw==",
      "dev": true
    }
  }
}
